
Microsoft Visual Studio Solution File, Format Version 12.00
# Visual Studio Version 17
VisualStudioVersion = 17.7.34031.279
MinimumVisualStudioVersion = 10.0.40219.1
Project("{FAE04EC0-301F-11D3-BF4B-00C04F79EFBC}") = "Matrices", "Matrices.csproj", "{C9B2376C-3DB1-4A59-B2A4-ABFAC112E8BD}"
EndProject
Global
	GlobalSection(SolutionConfigurationPlatforms) = preSolution
		Debug|Any CPU = Debug|Any CPU
		Release|Any CPU = Release|Any CPU
	EndGlobalSection
	GlobalSection(ProjectConfigurationPlatforms) = postSolution
		{C9B2376C-3DB1-4A59-B2A4-ABFAC112E8BD}.Debug|Any CPU.ActiveCfg = Debug|Any CPU
		{C9B2376C-3DB1-4A59-B2A4-ABFAC112E8BD}.Debug|Any CPU.Build.0 = Debug|Any CPU
		{C9B2376C-3DB1-4A59-B2A4-ABFAC112E8BD}.Release|Any CPU.ActiveCfg = Release|Any CPU
		{C9B2376C-3DB1-4A59-B2A4-ABFAC112E8BD}.Release|Any CPU.Build.0 = Release|Any CPU
	EndGlobalSection
	GlobalSection(SolutionProperties) = preSolution
		HideSolutionNode = FALSE
	EndGlobalSection
	GlobalSection(ExtensibilityGlobals) = postSolution
		SolutionGuid = {17557C73-D5D1-423C-B774-B3EBBBAA0AB8}
	EndGlobalSection
EndGlobal
